
<<<<<<< HEAD
Microsoft Visual Studio Solution File, Format Version 11.00
# Visual Studio 2010
Project("{FAE04EC0-301F-11D3-BF4B-00C04F79EFBC}") = "TrustFall", "Assembly-CSharp.csproj", "{2667F665-8690-1D6D-35DE-D70F71D3E7AE}"
=======
Microsoft Visual Studio Solution File, Format Version 12.00
# Visual Studio 2017
Project("{FAE04EC0-301F-11D3-BF4B-00C04F79EFBC}") = "TrustFall", "TrustFall.csproj", "{B6A01552-65BE-C7FD-583D-B605FEE63D67}"
>>>>>>> master
EndProject
Global
	GlobalSection(SolutionConfigurationPlatforms) = preSolution
		Debug|Any CPU = Debug|Any CPU
		Release|Any CPU = Release|Any CPU
	EndGlobalSection
	GlobalSection(ProjectConfigurationPlatforms) = postSolution
<<<<<<< HEAD
		{2667F665-8690-1D6D-35DE-D70F71D3E7AE}.Debug|Any CPU.ActiveCfg = Debug|Any CPU
		{2667F665-8690-1D6D-35DE-D70F71D3E7AE}.Debug|Any CPU.Build.0 = Debug|Any CPU
		{2667F665-8690-1D6D-35DE-D70F71D3E7AE}.Release|Any CPU.ActiveCfg = Release|Any CPU
		{2667F665-8690-1D6D-35DE-D70F71D3E7AE}.Release|Any CPU.Build.0 = Release|Any CPU
=======
		{B6A01552-65BE-C7FD-583D-B605FEE63D67}.Debug|Any CPU.ActiveCfg = Debug|Any CPU
		{B6A01552-65BE-C7FD-583D-B605FEE63D67}.Debug|Any CPU.Build.0 = Debug|Any CPU
		{B6A01552-65BE-C7FD-583D-B605FEE63D67}.Release|Any CPU.ActiveCfg = Release|Any CPU
		{B6A01552-65BE-C7FD-583D-B605FEE63D67}.Release|Any CPU.Build.0 = Release|Any CPU
>>>>>>> master
	EndGlobalSection
	GlobalSection(SolutionProperties) = preSolution
		HideSolutionNode = FALSE
	EndGlobalSection
EndGlobal
